
Microsoft Visual Studio Solution File, Format Version 12.00
# Visual Studio 15
VisualStudioVersion = 15.0.26124.0
MinimumVisualStudioVersion = 15.0.26124.0
Project("{FAE04EC0-301F-11D3-BF4B-00C04F79EFBC}") = "SchoolLibrary", "SchoolLibrary\SchoolLibrary.csproj", "{36065901-B9CC-41A1-800C-BA1A06541E14}"
EndProject
Project("{FAE04EC0-301F-11D3-BF4B-00C04F79EFBC}") = "SchoolApi", "SchoolApi\SchoolApi.csproj", "{6AA72717-D79F-4BCB-B5C5-FA71F584B031}"
EndProject
Project("{FAE04EC0-301F-11D3-BF4B-00C04F79EFBC}") = "BlazorClient", "BlazorClient\BlazorClient.csproj", "{59F3ADA9-AF93-4CFA-95E1-98D2A36A104A}"
EndProject
Global
	GlobalSection(SolutionConfigurationPlatforms) = preSolution
		Debug|Any CPU = Debug|Any CPU
		Debug|x64 = Debug|x64
		Debug|x86 = Debug|x86
		Release|Any CPU = Release|Any CPU
		Release|x64 = Release|x64
		Release|x86 = Release|x86
	EndGlobalSection
	GlobalSection(SolutionProperties) = preSolution
		HideSolutionNode = FALSE
	EndGlobalSection
	GlobalSection(ProjectConfigurationPlatforms) = postSolution
		{36065901-B9CC-41A1-800C-BA1A06541E14}.Debug|Any CPU.ActiveCfg = Debug|Any CPU
		{36065901-B9CC-41A1-800C-BA1A06541E14}.Debug|Any CPU.Build.0 = Debug|Any CPU
		{36065901-B9CC-41A1-800C-BA1A06541E14}.Debug|x64.ActiveCfg = Debug|Any CPU
		{36065901-B9CC-41A1-800C-BA1A06541E14}.Debug|x64.Build.0 = Debug|Any CPU
		{36065901-B9CC-41A1-800C-BA1A06541E14}.Debug|x86.ActiveCfg = Debug|Any CPU
		{36065901-B9CC-41A1-800C-BA1A06541E14}.Debug|x86.Build.0 = Debug|Any CPU
		{36065901-B9CC-41A1-800C-BA1A06541E14}.Release|Any CPU.ActiveCfg = Release|Any CPU
		{36065901-B9CC-41A1-800C-BA1A06541E14}.Release|Any CPU.Build.0 = Release|Any CPU
		{36065901-B9CC-41A1-800C-BA1A06541E14}.Release|x64.ActiveCfg = Release|Any CPU
		{36065901-B9CC-41A1-800C-BA1A06541E14}.Release|x64.Build.0 = Release|Any CPU
		{36065901-B9CC-41A1-800C-BA1A06541E14}.Release|x86.ActiveCfg = Release|Any CPU
		{36065901-B9CC-41A1-800C-BA1A06541E14}.Release|x86.Build.0 = Release|Any CPU
		{6AA72717-D79F-4BCB-B5C5-FA71F584B031}.Debug|Any CPU.ActiveCfg = Debug|Any CPU
		{6AA72717-D79F-4BCB-B5C5-FA71F584B031}.Debug|Any CPU.Build.0 = Debug|Any CPU
		{6AA72717-D79F-4BCB-B5C5-FA71F584B031}.Debug|x64.ActiveCfg = Debug|Any CPU
		{6AA72717-D79F-4BCB-B5C5-FA71F584B031}.Debug|x64.Build.0 = Debug|Any CPU
		{6AA72717-D79F-4BCB-B5C5-FA71F584B031}.Debug|x86.ActiveCfg = Debug|Any CPU
		{6AA72717-D79F-4BCB-B5C5-FA71F584B031}.Debug|x86.Build.0 = Debug|Any CPU
		{6AA72717-D79F-4BCB-B5C5-FA71F584B031}.Release|Any CPU.ActiveCfg = Release|Any CPU
		{6AA72717-D79F-4BCB-B5C5-FA71F584B031}.Release|Any CPU.Build.0 = Release|Any CPU
		{6AA72717-D79F-4BCB-B5C5-FA71F584B031}.Release|x64.ActiveCfg = Release|Any CPU
		{6AA72717-D79F-4BCB-B5C5-FA71F584B031}.Release|x64.Build.0 = Release|Any CPU
		{6AA72717-D79F-4BCB-B5C5-FA71F584B031}.Release|x86.ActiveCfg = Release|Any CPU
		{6AA72717-D79F-4BCB-B5C5-FA71F584B031}.Release|x86.Build.0 = Release|Any CPU
		{59F3ADA9-AF93-4CFA-95E1-98D2A36A104A}.Debug|Any CPU.ActiveCfg = Debug|Any CPU
		{59F3ADA9-AF93-4CFA-95E1-98D2A36A104A}.Debug|Any CPU.Build.0 = Debug|Any CPU
		{59F3ADA9-AF93-4CFA-95E1-98D2A36A104A}.Debug|x64.ActiveCfg = Debug|Any CPU
		{59F3ADA9-AF93-4CFA-95E1-98D2A36A104A}.Debug|x64.Build.0 = Debug|Any CPU
		{59F3ADA9-AF93-4CFA-95E1-98D2A36A104A}.Debug|x86.ActiveCfg = Debug|Any CPU
		{59F3ADA9-AF93-4CFA-95E1-98D2A36A104A}.Debug|x86.Build.0 = Debug|Any CPU
		{59F3ADA9-AF93-4CFA-95E1-98D2A36A104A}.Release|Any CPU.ActiveCfg = Release|Any CPU
		{59F3ADA9-AF93-4CFA-95E1-98D2A36A104A}.Release|Any CPU.Build.0 = Release|Any CPU
		{59F3ADA9-AF93-4CFA-95E1-98D2A36A104A}.Release|x64.ActiveCfg = Release|Any CPU
		{59F3ADA9-AF93-4CFA-95E1-98D2A36A104A}.Release|x64.Build.0 = Release|Any CPU
		{59F3ADA9-AF93-4CFA-95E1-98D2A36A104A}.Release|x86.ActiveCfg = Release|Any CPU
		{59F3ADA9-AF93-4CFA-95E1-98D2A36A104A}.Release|x86.Build.0 = Release|Any CPU
	EndGlobalSection
EndGlobal
